
Microsoft Visual Studio Solution File, Format Version 12.00
# Visual Studio 15
VisualStudioVersion = 15.0.28307.106
MinimumVisualStudioVersion = 10.0.40219.1
Project("{FAE04EC0-301F-11D3-BF4B-00C04F79EFBC}") = "demoCore001", "demoCore001\demoCore001.csproj", "{062AA6B8-36F1-405F-9458-29A44A77499A}"
EndProject
Global
	GlobalSection(SolutionConfigurationPlatforms) = preSolution
		Debug|Any CPU = Debug|Any CPU
		Release|Any CPU = Release|Any CPU
	EndGlobalSection
	GlobalSection(ProjectConfigurationPlatforms) = postSolution
		{062AA6B8-36F1-405F-9458-29A44A77499A}.Debug|Any CPU.ActiveCfg = Debug|Any CPU
		{062AA6B8-36F1-405F-9458-29A44A77499A}.Debug|Any CPU.Build.0 = Debug|Any CPU
		{062AA6B8-36F1-405F-9458-29A44A77499A}.Release|Any CPU.ActiveCfg = Release|Any CPU
		{062AA6B8-36F1-405F-9458-29A44A77499A}.Release|Any CPU.Build.0 = Release|Any CPU
	EndGlobalSection
	GlobalSection(SolutionProperties) = preSolution
		HideSolutionNode = FALSE
	EndGlobalSection
	GlobalSection(ExtensibilityGlobals) = postSolution
		SolutionGuid = {00498401-9F30-4D65-A54A-08B998CDF69D}
	EndGlobalSection
EndGlobal
